
Microsoft Visual Studio Solution File, Format Version 12.00
# Visual Studio Version 16
VisualStudioVersion = 16.0.30011.22
MinimumVisualStudioVersion = 10.0.40219.1
Project("{FAE04EC0-301F-11D3-BF4B-00C04F79EFBC}") = "3.1", "3.1.csproj", "{58C01C5B-1331-4B0D-884B-86D06C475684}"
EndProject
Global
	GlobalSection(SolutionConfigurationPlatforms) = preSolution
		Debug|Any CPU = Debug|Any CPU
		Release|Any CPU = Release|Any CPU
	EndGlobalSection
	GlobalSection(ProjectConfigurationPlatforms) = postSolution
		{58C01C5B-1331-4B0D-884B-86D06C475684}.Debug|Any CPU.ActiveCfg = Debug|Any CPU
		{58C01C5B-1331-4B0D-884B-86D06C475684}.Debug|Any CPU.Build.0 = Debug|Any CPU
		{58C01C5B-1331-4B0D-884B-86D06C475684}.Release|Any CPU.ActiveCfg = Release|Any CPU
		{58C01C5B-1331-4B0D-884B-86D06C475684}.Release|Any CPU.Build.0 = Release|Any CPU
	EndGlobalSection
	GlobalSection(SolutionProperties) = preSolution
		HideSolutionNode = FALSE
	EndGlobalSection
	GlobalSection(ExtensibilityGlobals) = postSolution
		SolutionGuid = {BFDED8A2-AA30-4709-A7DA-2F8464A48B0F}
	EndGlobalSection
EndGlobal
